Microsoft Visual Studio Solution File, Format Version 12.00
# Visual Studio Version 16
VisualStudioVersion = 16.0.29318.209
MinimumVisualStudioVersion = 10.0.40219.1
Project("{9A19103F-16F7-4668-BE54-9A1E7A4F7556}") = "Common.DataAccess.EFCore", "Common\Common.DataAccess.EFCore\Common.DataAccess.EFCore.csproj", "{78009FE8-42FA-4E92-AB1B-2292C8C4AA91}"
EndProject
Project("{9A19103F-16F7-4668-BE54-9A1E7A4F7556}") = "Common.Entities", "Common\Common.Entities\Common.Entities.csproj", "{2566610C-2555-4B50-9A61-FCB5AE61519D}"
EndProject
Project("{9A19103F-16F7-4668-BE54-9A1E7A4F7556}") = "Common.Services.Infrastructure", "Common\Common.Services.Infrastructure\Common.Services.Infrastructure.csproj", "{20CF03E8-E064-46FE-8ECE-AA30369E7787}"
EndProject
Project("{9A19103F-16F7-4668-BE54-9A1E7A4F7556}") = "Common.DTO", "Common\Common.DTO\Common.DTO.csproj", "{C2CE9594-0939-43BE-BBAF-AF7D9BA6A83B}"
EndProject
Project("{9A19103F-16F7-4668-BE54-9A1E7A4F7556}") = "Common.Utils", "Common\Common.Utils\Common.Utils.csproj", "{167418DC-0413-4DBA-B547-CF7E30433AD8}"
EndProject
Project("{9A19103F-16F7-4668-BE54-9A1E7A4F7556}") = "Common.DIContainerCore", "Common\Common.DIContainerCore\Common.DIContainerCore.csproj", "{48E43B83-53AB-4CD2-A432-E81CBFF1D071}"
EndProject
Project("{9A19103F-16F7-4668-BE54-9A1E7A4F7556}") = "Common.WebApiCore", "Common\Common.WebApiCore\Common.WebApiCore.csproj", "{476D576E-1A71-4B88-B84F-90F6D465D82E}"
EndProject
Project("{9A19103F-16F7-4668-BE54-9A1E7A4F7556}") = "Common.Repositories.Infrastructure", "Common.Repositories.Infrastructure\Common.Repositories.Infrastructure.csproj", "{AD3F799E-7B81-4020-8F44-34E5CBB8D1F0}"
EndProject
Project("{9A19103F-16F7-4668-BE54-9A1E7A4F7556}") = "Common.Repositories", "Common.Repositories\Common.Repositories.csproj", "{29C8264B-64FC-49E0-A9F1-581685A75BAD}"
EndProject
Project("{9A19103F-16F7-4668-BE54-9A1E7A4F7556}") = "Common.Services", "Common.Services\Common.Services.csproj", "{F7FE80A3-6885-4BB2-ACFC-AA3BA55D73C3}"
EndProject
Global
	GlobalSection(SolutionConfigurationPlatforms) = preSolution
		Debug|Any CPU = Debug|Any CPU
		Release|Any CPU = Release|Any CPU
	EndGlobalSection
	GlobalSection(ProjectConfigurationPlatforms) = postSolution
		{78009FE8-42FA-4E92-AB1B-2292C8C4AA91}.Debug|Any CPU.ActiveCfg = Debug|Any CPU
		{78009FE8-42FA-4E92-AB1B-2292C8C4AA91}.Debug|Any CPU.Build.0 = Debug|Any CPU
		{78009FE8-42FA-4E92-AB1B-2292C8C4AA91}.Release|Any CPU.ActiveCfg = Release|Any CPU
		{78009FE8-42FA-4E92-AB1B-2292C8C4AA91}.Release|Any CPU.Build.0 = Release|Any CPU
		{2566610C-2555-4B50-9A61-FCB5AE61519D}.Debug|Any CPU.ActiveCfg = Debug|Any CPU
		{2566610C-2555-4B50-9A61-FCB5AE61519D}.Debug|Any CPU.Build.0 = Debug|Any CPU
		{2566610C-2555-4B50-9A61-FCB5AE61519D}.Release|Any CPU.ActiveCfg = Release|Any CPU
		{2566610C-2555-4B50-9A61-FCB5AE61519D}.Release|Any CPU.Build.0 = Release|Any CPU
		{20CF03E8-E064-46FE-8ECE-AA30369E7787}.Debug|Any CPU.ActiveCfg = Debug|Any CPU
		{20CF03E8-E064-46FE-8ECE-AA30369E7787}.Debug|Any CPU.Build.0 = Debug|Any CPU
		{20CF03E8-E064-46FE-8ECE-AA30369E7787}.Release|Any CPU.ActiveCfg = Release|Any CPU
		{20CF03E8-E064-46FE-8ECE-AA30369E7787}.Release|Any CPU.Build.0 = Release|Any CPU
		{C2CE9594-0939-43BE-BBAF-AF7D9BA6A83B}.Debug|Any CPU.ActiveCfg = Debug|Any CPU
		{C2CE9594-0939-43BE-BBAF-AF7D9BA6A83B}.Debug|Any CPU.Build.0 = Debug|Any CPU
		{C2CE9594-0939-43BE-BBAF-AF7D9BA6A83B}.Release|Any CPU.ActiveCfg = Release|Any CPU
		{C2CE9594-0939-43BE-BBAF-AF7D9BA6A83B}.Release|Any CPU.Build.0 = Release|Any CPU
		{167418DC-0413-4DBA-B547-CF7E30433AD8}.Debug|Any CPU.ActiveCfg = Debug|Any CPU
		{167418DC-0413-4DBA-B547-CF7E30433AD8}.Debug|Any CPU.Build.0 = Debug|Any CPU
		{167418DC-0413-4DBA-B547-CF7E30433AD8}.Release|Any CPU.ActiveCfg = Release|Any CPU
		{167418DC-0413-4DBA-B547-CF7E30433AD8}.Release|Any CPU.Build.0 = Release|Any CPU
		{48E43B83-53AB-4CD2-A432-E81CBFF1D071}.Debug|Any CPU.ActiveCfg = Debug|Any CPU
		{48E43B83-53AB-4CD2-A432-E81CBFF1D071}.Debug|Any CPU.Build.0 = Debug|Any CPU
		{48E43B83-53AB-4CD2-A432-E81CBFF1D071}.Release|Any CPU.ActiveCfg = Release|Any CPU
		{48E43B83-53AB-4CD2-A432-E81CBFF1D071}.Release|Any CPU.Build.0 = Release|Any CPU
		{476D576E-1A71-4B88-B84F-90F6D465D82E}.Debug|Any CPU.ActiveCfg = Debug|Any CPU
		{476D576E-1A71-4B88-B84F-90F6D465D82E}.Debug|Any CPU.Build.0 = Debug|Any CPU
		{476D576E-1A71-4B88-B84F-90F6D465D82E}.Release|Any CPU.ActiveCfg = Release|Any CPU
		{476D576E-1A71-4B88-B84F-90F6D465D82E}.Release|Any CPU.Build.0 = Release|Any CPU
		{AD3F799E-7B81-4020-8F44-34E5CBB8D1F0}.Debug|Any CPU.ActiveCfg = Debug|Any CPU
		{AD3F799E-7B81-4020-8F44-34E5CBB8D1F0}.Debug|Any CPU.Build.0 = Debug|Any CPU
		{AD3F799E-7B81-4020-8F44-34E5CBB8D1F0}.Release|Any CPU.ActiveCfg = Release|Any CPU
		{AD3F799E-7B81-4020-8F44-34E5CBB8D1F0}.Release|Any CPU.Build.0 = Release|Any CPU
		{29C8264B-64FC-49E0-A9F1-581685A75BAD}.Debug|Any CPU.ActiveCfg = Debug|Any CPU
		{29C8264B-64FC-49E0-A9F1-581685A75BAD}.Debug|Any CPU.Build.0 = Debug|Any CPU
		{29C8264B-64FC-49E0-A9F1-581685A75BAD}.Release|Any CPU.ActiveCfg = Release|Any CPU
		{29C8264B-64FC-49E0-A9F1-581685A75BAD}.Release|Any CPU.Build.0 = Release|Any CPU
		{F7FE80A3-6885-4BB2-ACFC-AA3BA55D73C3}.Debug|Any CPU.ActiveCfg = Debug|Any CPU
		{F7FE80A3-6885-4BB2-ACFC-AA3BA55D73C3}.Debug|Any CPU.Build.0 = Debug|Any CPU
		{F7FE80A3-6885-4BB2-ACFC-AA3BA55D73C3}.Release|Any CPU.ActiveCfg = Release|Any CPU
		{F7FE80A3-6885-4BB2-ACFC-AA3BA55D73C3}.Release|Any CPU.Build.0 = Release|Any CPU
	EndGlobalSection
	GlobalSection(SolutionProperties) = preSolution
		HideSolutionNode = FALSE
	EndGlobalSection
	GlobalSection(ExtensibilityGlobals) = postSolution
		SolutionGuid = {328B8E10-FED4-47C9-86C2-27E2B708C6E0}
	EndGlobalSection
EndGlobal
